
Microsoft Visual Studio Solution File, Format Version 12.00
Project("{FAE04EC0-301F-11D3-BF4B-00C04F79EFBC}") = "YouTubePlaylistToSpreadsheet.Api", "YouTubePlaylistToSpreadsheet.Api\YouTubePlaylistToSpreadsheet.Api.csproj", "{D6D654EB-36C0-4AC5-9157-008DBC3E1C4A}"
EndProject
Global
	GlobalSection(SolutionConfigurationPlatforms) = preSolution
		Debug|Any CPU = Debug|Any CPU
		Release|Any CPU = Release|Any CPU
	EndGlobalSection
	GlobalSection(ProjectConfigurationPlatforms) = postSolution
		{D6D654EB-36C0-4AC5-9157-008DBC3E1C4A}.Debug|Any CPU.ActiveCfg = Debug|Any CPU
		{D6D654EB-36C0-4AC5-9157-008DBC3E1C4A}.Debug|Any CPU.Build.0 = Debug|Any CPU
		{D6D654EB-36C0-4AC5-9157-008DBC3E1C4A}.Release|Any CPU.ActiveCfg = Release|Any CPU
		{D6D654EB-36C0-4AC5-9157-008DBC3E1C4A}.Release|Any CPU.Build.0 = Release|Any CPU
	EndGlobalSection
EndGlobal
